// !$*UTF8*$!
{
	archiveVersion = 1;
	classes = {
	};
	objectVersion = 46;
	objects = {

/* Begin PBXBuildFile section */
		F379ECC51D470A3500D001D9 /* AppDelegate.swift in Sources */ = {isa = PBXBuildFile; fileRef = F379ECC41D470A3500D001D9 /* AppDelegate.swift */; };
		F379ECC71D470A3500D001D9 /* ViewController.swift in Sources */ = {isa = PBXBuildFile; fileRef = F379ECC61D470A3500D001D9 /* ViewController.swift */; };
		F379ECCA1D470A3500D001D9 /* Main.storyboard in Resources */ = {isa = PBXBuildFile; fileRef = F379ECC81D470A3500D001D9 /* Main.storyboard */; };
		F379ECCC1D470A3500D001D9 /* Assets.xcassets in Resources */ = {isa = PBXBuildFile; fileRef = F379ECCB1D470A3500D001D9 /* Assets.xcassets */; };
		F379ECCF1D470A3500D001D9 /* LaunchScreen.storyboard in Resources */ = {isa = PBXBuildFile; fileRef = F379ECCD1D470A3500D001D9 /* LaunchScreen.storyboard */; };
		F379ECD81D470B7600D001D9 /* SNNet.swift in Sources */ = {isa = PBXBuildFile; fileRef = F379ECD71D470B7600D001D9 /* SNNet.swift */; };
/* End PBXBuildFile section */

/* Begin PBXFileReference section */
		F379ECC11D470A3500D001D9 /* Example.app */ = {isa = PBXFileReference; explicitFileType = wrapper.application; includeInIndex = 0; path = Example.app; sourceTree = BUILT_PRODUCTS_DIR; };
		F379ECC41D470A3500D001D9 /* AppDelegate.swift */ = {isa = PBXFileReference; lastKnownFileType = sourcecode.swift; path = AppDelegate.swift; sourceTree = "<group>"; };
		F379ECC61D470A3500D001D9 /* ViewController.swift */ = {isa = PBXFileReference; lastKnownFileType = sourcecode.swift; path = ViewController.swift; sourceTree = "<group>"; };
		F379ECC91D470A3500D001D9 /* Base */ = {isa = PBXFileReference; lastKnownFileType = file.storyboard; name = Base; path = Base.lproj/Main.storyboard; sourceTree = "<group>"; };
		F379ECCB1D470A3500D001D9 /* Assets.xcassets */ = {isa = PBXFileReference; lastKnownFileType = folder.assetcatalog; path = Assets.xcassets; sourceTree = "<group>"; };
		F379ECCE1D470A3500D001D9 /* Base */ = {isa = PBXFileReference; lastKnownFileType = file.storyboard; name = Base; path = Base.lproj/LaunchScreen.storyboard; sourceTree = "<group>"; };
		F379ECD01D470A3500D001D9 /* Info.plist */ = {isa = PBXFileReference; lastKnownFileType = text.plist.xml; path = Info.plist; sourceTree = "<group>"; };
		F379ECD71D470B7600D001D9 /* SNNet.swift */ = {isa = PBXFileReference; fileEncoding = 4; lastKnownFileType = sourcecode.swift; path = SNNet.swift; sourceTree = "<group>"; };
/* End PBXFileReference section */

/* Begin PBXFrameworksBuildPhase section */
		F379ECBE1D470A3500D001D9 /* Frameworks */ = {
			isa = PBXFrameworksBuildPhase;
			buildActionMask = 2147483647;
			files = (
			);
			runOnlyForDeploymentPostprocessing = 0;
		};
/* End PBXFrameworksBuildPhase section */

/* Begin PBXGroup section */
		F379ECB81D470A3500D001D9 = {
			isa = PBXGroup;
			children = (
				F379ECD61D470B7600D001D9 /* src */,
				F379ECC31D470A3500D001D9 /* Example */,
				F379ECC21D470A3500D001D9 /* Products */,
			);
			sourceTree = "<group>";
		};
		F379ECC21D470A3500D001D9 /* Products */ = {
			isa = PBXGroup;
			children = (
				F379ECC11D470A3500D001D9 /* Example.app */,
			);
			name = Products;
			sourceTree = "<group>";
		};
		F379ECC31D470A3500D001D9 /* Example */ = {
			isa = PBXGroup;
			children = (
				F379ECC41D470A3500D001D9 /* AppDelegate.swift */,
				F379ECC61D470A3500D001D9 /* ViewController.swift */,
				F379ECC81D470A3500D001D9 /* Main.storyboard */,
				F379ECCB1D470A3500D001D9 /* Assets.xcassets */,
				F379ECCD1D470A3500D001D9 /* LaunchScreen.storyboard */,
				F379ECD01D470A3500D001D9 /* Info.plist */,
			);
			path = Example;
			sourceTree = "<group>";
		};
		F379ECD61D470B7600D001D9 /* src */ = {
			isa = PBXGroup;
			children = (
				F379ECD71D470B7600D001D9 /* SNNet.swift */,
			);
			path = src;
			sourceTree = "<group>";
		};
/* End PBXGroup section */

/* Begin PBXNativeTarget section */
		F379ECC01D470A3500D001D9 /* Example */ = {
			isa = PBXNativeTarget;
			buildConfigurationList = F379ECD31D470A3500D001D9 /* Build configuration list for PBXNativeTarget "Example" */;
			buildPhases = (
				F379ECBD1D470A3500D001D9 /* Sources */,
				F379ECBE1D470A3500D001D9 /* Frameworks */,
				F379ECBF1D470A3500D001D9 /* Resources */,
			);
			buildRules = (
			);
			dependencies = (
			);
			name = Example;
			productName = SNNet;
			productReference = F379ECC11D470A3500D001D9 /* Example.app */;
			productType = "com.apple.product-type.application";
		};
/* End PBXNativeTarget section */

/* Begin PBXProject section */
		F379ECB91D470A3500D001D9 /* Project object */ = {
			isa = PBXProject;
			attributes = {
				LastSwiftUpdateCheck = 0730;
				LastUpgradeCheck = 0730;
				ORGANIZATIONNAME = swipe;
				TargetAttributes = {
					F379ECC01D470A3500D001D9 = {
						CreatedOnToolsVersion = 7.3.1;
						LastSwiftMigration = 0800;
					};
				};
			};
			buildConfigurationList = F379ECBC1D470A3500D001D9 /* Build configuration list for PBXProject "Example" */;
			compatibilityVersion = "Xcode 3.2";
			developmentRegion = English;
			hasScannedForEncodings = 0;
			knownRegions = (
				en,
				Base,
			);
			mainGroup = F379ECB81D470A3500D001D9;
			productRefGroup = F379ECC21D470A3500D001D9 /* Products */;
			projectDirPath = "";
			projectRoot = "";
			targets = (
				F379ECC01D470A3500D001D9 /* Example */,
			);
		};
/* End PBXProject section */

/* Begin PBXResourcesBuildPhase section */
		F379ECBF1D470A3500D001D9 /* Resources */ = {
			isa = PBXResourcesBuildPhase;
			buildActionMask = 2147483647;
			files = (
				F379ECCF1D470A3500D001D9 /* LaunchScreen.storyboard in Resources */,
				F379ECCC1D470A3500D001D9 /* Assets.xcassets in Resources */,
				F379ECCA1D470A3500D001D9 /* Main.storyboard in Resources */,
			);
			runOnlyForDeploymentPostprocessing = 0;
		};
/* End PBXResourcesBuildPhase section */

/* Begin PBXSourcesBuildPhase section */
		F379ECBD1D470A3500D001D9 /* Sources */ = {
			isa = PBXSourcesBuildPhase;
			buildActionMask = 2147483647;
			files = (
				F379ECC71D470A3500D001D9 /* ViewController.swift in Sources */,
				F379ECC51D470A3500D001D9 /* AppDelegate.swift in Sources */,
				F379ECD81D470B7600D001D9 /* SNNet.swift in Sources */,
			);
			runOnlyForDeploymentPostprocessing = 0;
		};
/* End PBXSourcesBuildPhase section */

/* Begin PBXVariantGroup section */
		F379ECC81D470A3500D001D9 /* Main.storyboard */ = {
			isa = PBXVariantGroup;
			children = (
				F379ECC91D470A3500D001D9 /* Base */,
			);
			name = Main.storyboard;
			sourceTree = "<group>";
		};
		F379ECCD1D470A3500D001D9 /* LaunchScreen.storyboard */ = {
			isa = PBXVariantGroup;
			children = (
				F379ECCE1D470A3500D001D9 /* Base */,
			);
			name = LaunchScreen.storyboard;
			sourceTree = "<group>";
		};
/* End PBXVariantGroup section */

/* Begin XCBuildConfiguration section */
		F379ECD11D470A3500D001D9 /* Debug */ = {
			isa = XCBuildConfiguration;
			buildSettings = {
				ALWAYS_SEARCH_USER_PATHS = NO;
				CLANG_ANALYZER_NONNULL = YES;
				CLANG_CXX_LANGUAGE_STANDARD = "gnu++0x";
				CLANG_CXX_LIBRARY = "libc++";
				CLANG_ENABLE_MODULES = YES;
				CLANG_ENABLE_OBJC_ARC = YES;
				CLANG_WARN_BOOL_CONVERSION = YES;
				CLANG_WARN_CONSTANT_CONVERSION = YES;
				CLANG_WARN_DIRECT_OBJC_ISA_USAGE = YES_ERROR;
				CLANG_WARN_EMPTY_BODY = YES;
				CLANG_WARN_ENUM_CONVERSION = YES;
				CLANG_WARN_INT_CONVERSION = YES;
				CLANG_WARN_OBJC_ROOT_CLASS = YES_ERROR;
				CLANG_WARN_UNREACHABLE_CODE = YES;
				CLANG_WARN__DUPLICATE_METHOD_MATCH = YES;
				"CODE_SIGN_IDENTITY[sdk=iphoneos*]" = "iPhone Developer";
				COPY_PHASE_STRIP = NO;
				DEBUG_INFORMATION_FORMAT = dwarf;
				ENABLE_STRICT_OBJC_MSGSEND = YES;
				ENABLE_TESTABILITY = YES;
				GCC_C_LANGUAGE_STANDARD = gnu99;
				GCC_DYNAMIC_NO_PIC = NO;
				GCC_NO_COMMON_BLOCKS = YES;
				GCC_OPTIMIZATION_LEVEL = 0;
				GCC_PREPROCESSOR_DEFINITIONS = (
					"DEBUG=1",
					"$(inherited)",
				);
				GCC_WARN_64_TO_32_BIT_CONVERSION = YES;
				GCC_WARN_ABOUT_RETURN_TYPE = YES_ERROR;
				GCC_WARN_UNDECLARED_SELECTOR = YES;
				GCC_WARN_UNINITIALIZED_AUTOS = YES_AGGRESSIVE;
				GCC_WARN_UNUSED_FUNCTION = YES;
				GCC_WARN_UNUSED_VARIABLE = YES;
				IPHONEOS_DEPLOYMENT_TARGET = 9.3;
				MTL_ENABLE_DEBUG_INFO = YES;
				ONLY_ACTIVE_ARCH = YES;
				SDKROOT = iphoneos;
				SWIFT_OPTIMIZATION_LEVEL = "-Onone";
			};
			name = Debug;
		};
		F379ECD21D470A3500D001D9 /* Release */ = {
			isa = XCBuildConfiguration;
			buildSettings = {
				ALWAYS_SEARCH_USER_PATHS = NO;
				CLANG_ANALYZER_NONNULL = YES;
				CLANG_CXX_LANGUAGE_STANDARD = "gnu++0x";
				CLANG_CXX_LIBRARY = "libc++";
				CLANG_ENABLE_MODULES = YES;
				CLANG_ENABLE_OBJC_ARC = YES;
				CLANG_WARN_BOOL_CONVERSION = YES;
				CLANG_WARN_CONSTANT_CONVERSION = YES;
				CLANG_WARN_DIRECT_OBJC_ISA_USAGE = YES_ERROR;
				CLANG_WARN_EMPTY_BODY = YES;
				CLANG_WARN_ENUM_CONVERSION = YES;
				CLANG_WARN_INT_CONVERSION = YES;
				CLANG_WARN_OBJC_ROOT_CLASS = YES_ERROR;
				CLANG_WARN_UNREACHABLE_CODE = YES;
				CLANG_WARN__DUPLICATE_METHOD_MATCH = YES;
				"CODE_SIGN_IDENTITY[sdk=iphoneos*]" = "iPhone Developer";
				COPY_PHASE_STRIP = NO;
				DEBUG_INFORMATION_FORMAT = "dwarf-with-dsym";
				ENABLE_NS_ASSERTIONS = NO;
				ENABLE_STRICT_OBJC_MSGSEND = YES;
				GCC_C_LANGUAGE_STANDARD = gnu99;
				GCC_NO_COMMON_BLOCKS = YES;
				GCC_WARN_64_TO_32_BIT_CONVERSION = YES;
				GCC_WARN_ABOUT_RETURN_TYPE = YES_ERROR;
				GCC_WARN_UNDECLARED_SELECTOR = YES;
				GCC_WARN_UNINITIALIZED_AUTOS = YES_AGGRESSIVE;
				GCC_WARN_UNUSED_FUNCTION = YES;
				GCC_WARN_UNUSED_VARIABLE = YES;
				IPHONEOS_DEPLOYMENT_TARGET = 9.3;
				MTL_ENABLE_DEBUG_INFO = NO;
				SDKROOT = iphoneos;
				VALIDATE_PRODUCT = YES;
			};
			name = Release;
		};
		F379ECD41D470A3500D001D9 /* Debug */ = {
			isa = XCBuildConfiguration;
			buildSettings = {
				ASSETCATALOG_COMPILER_APPICON_NAME = AppIcon;
				INFOPLIST_FILE = Example/Info.plist;
				LD_RUNPATH_SEARCH_PATHS = "$(inherited) @executable_path/Frameworks";
				PRODUCT_BUNDLE_IDENTIFIER = org.swipe.SNNet;
				PRODUCT_NAME = "$(TARGET_NAME)";
				SWIFT_VERSION = 3.0;
			};
			name = Debug;
		};
		F379ECD51D470A3500D001D9 /* Release */ = {
			isa = XCBuildConfiguration;
			buildSettings = {
				ASSETCATALOG_COMPILER_APPICON_NAME = AppIcon;
				INFOPLIST_FILE = Example/Info.plist;
				LD_RUNPATH_SEARCH_PATHS = "$(inherited) @executable_path/Frameworks";
				PRODUCT_BUNDLE_IDENTIFIER = org.swipe.SNNet;
				PRODUCT_NAME = "$(TARGET_NAME)";
				SWIFT_VERSION = 3.0;
			};
			name = Release;
		};
/* End XCBuildConfiguration section */

/* Begin XCConfigurationList section */
		F379ECBC1D470A3500D001D9 /* Build configuration list for PBXProject "Example" */ = {
			isa = XCConfigurationList;
			buildConfigurations = (
				F379ECD11D470A3500D001D9 /* Debug */,
				F379ECD21D470A3500D001D9 /* Release */,
			);
			defaultConfigurationIsVisible = 0;
			defaultConfigurationName = Release;
		};
		F379ECD31D470A3500D001D9 /* Build configuration list for PBXNativeTarget "Example" */ = {
			isa = XCConfigurationList;
			buildConfigurations = (
				F379ECD41D470A3500D001D9 /* Debug */,
				F379ECD51D470A3500D001D9 /* Release */,
			);
			defaultConfigurationIsVisible = 0;
			defaultConfigurationName = Release;
		};
/* End XCConfigurationList section */
	};
	rootObject = F379ECB91D470A3500D001D9 /* Project object */;
}
